lockfileVersion: '9.0'

settings:
  autoInstallPeers: true
  excludeLinksFromLockfile: false

importers:

  .:
    dependencies:
      '@aws-sdk/s3-request-presigner':
        specifier: ^3.876.0
        version: 3.876.0

packages:

  '@aws-sdk/core@3.876.0':
    resolution: {integrity: sha512-sVFBFkdoPOPyY13NaXO1E/R9O5J6ixzHnnRbqrbXYM2QQgLNPTKIiRtmVEuVoFV9YULg+/aKm7caix8m468y9w==}
    engines: {node: '>=18.0.0'}

  '@aws-sdk/middleware-sdk-s3@3.876.0':
    resolution: {integrity: sha512-h+TDs9EKAfXnrkogQpQz3o11zvs6Vh9+ehxyd35OcM7evnDeoV4GFjjnAKq+MxbBk/5Ewnvng+d6/WQDvMbj7Q==}
    engines: {node: '>=18.0.0'}

  '@aws-sdk/s3-request-presigner@3.876.0':
    resolution: {integrity: sha512-Mmj9xZ+NWDxatIsVsQ4986fTpNcPhLbWMX0PcgGLsSd8CnciWFsy06i7LbCzXS6sr6QzLP5Yesfdj+WWxgnFNQ==}
    engines: {node: '>=18.0.0'}

  '@aws-sdk/signature-v4-multi-region@3.876.0':
    resolution: {integrity: sha512-OMDcuaVlC2rbze92w4QcNfuEA0IeT2GsT1ByZCwe+Y9tZwxzj7fCiOOU0UmJfa+juuQ/YBzVYxnkrkz3Rg6DEw==}
    engines: {node: '>=18.0.0'}

  '@aws-sdk/types@3.862.0':
    resolution: {integrity: sha512-Bei+RL0cDxxV+lW2UezLbCYYNeJm6Nzee0TpW0FfyTRBhH9C1XQh4+x+IClriXvgBnRquTMMYsmJfvx8iyLKrg==}
    engines: {node: '>=18.0.0'}

  '@aws-sdk/util-arn-parser@3.873.0':
    resolution: {integrity: sha512-qag+VTqnJWDn8zTAXX4wiVioa0hZDQMtbZcGRERVnLar4/3/VIKBhxX2XibNQXFu1ufgcRn4YntT/XEPecFWcg==}
    engines: {node: '>=18.0.0'}

  '@aws-sdk/util-format-url@3.873.0':
    resolution: {integrity: sha512-v//b9jFnhzTKKV3HFTw2MakdM22uBAs2lBov51BWmFXuFtSTdBLrR7zgfetQPE3PVkFai0cmtJQPdc3MX+T/cQ==}
    engines: {node: '>=18.0.0'}

  '@aws-sdk/xml-builder@3.873.0':
    resolution: {integrity: sha512-kLO7k7cGJ6KaHiExSJWojZurF7SnGMDHXRuQunFnEoD0n1yB6Lqy/S/zHiQ7oJnBhPr9q0TW9qFkrsZb1Uc54w==}
    engines: {node: '>=18.0.0'}

  '@smithy/abort-controller@4.0.5':
    resolution: {integrity: sha512-jcrqdTQurIrBbUm4W2YdLVMQDoL0sA9DTxYd2s+R/y+2U9NLOP7Xf/YqfSg1FZhlZIYEnvk2mwbyvIfdLEPo8g==}
    engines: {node: '>=18.0.0'}

  '@smithy/core@3.8.0':
    resolution: {integrity: sha512-EYqsIYJmkR1VhVE9pccnk353xhs+lB6btdutJEtsp7R055haMJp2yE16eSxw8fv+G0WUY6vqxyYOP8kOqawxYQ==}
    engines: {node: '>=18.0.0'}

  '@smithy/fetch-http-handler@5.1.1':
    resolution: {integrity: sha512-61WjM0PWmZJR+SnmzaKI7t7G0UkkNFboDpzIdzSoy7TByUzlxo18Qlh9s71qug4AY4hlH/CwXdubMtkcNEb/sQ==}
    engines: {node: '>=18.0.0'}

  '@smithy/is-array-buffer@4.0.0':
    resolution: {integrity: sha512-saYhF8ZZNoJDTvJBEWgeBccCg+yvp1CX+ed12yORU3NilJScfc6gfch2oVb4QgxZrGUx3/ZJlb+c/dJbyupxlw==}
    engines: {node: '>=18.0.0'}

  '@smithy/middleware-endpoint@4.1.18':
    resolution: {integrity: sha512-ZhvqcVRPZxnZlokcPaTwb+r+h4yOIOCJmx0v2d1bpVlmP465g3qpVSf7wxcq5zZdu4jb0H4yIMxuPwDJSQc3MQ==}
    engines: {node: '>=18.0.0'}

  '@smithy/middleware-serde@4.0.9':
    resolution: {integrity: sha512-uAFFR4dpeoJPGz8x9mhxp+RPjo5wW0QEEIPPPbLXiRRWeCATf/Km3gKIVR5vaP8bN1kgsPhcEeh+IZvUlBv6Xg==}
    engines: {node: '>=18.0.0'}

  '@smithy/middleware-stack@4.0.5':
    resolution: {integrity: sha512-/yoHDXZPh3ocRVyeWQFvC44u8seu3eYzZRveCMfgMOBcNKnAmOvjbL9+Cp5XKSIi9iYA9PECUuW2teDAk8T+OQ==}
    engines: {node: '>=18.0.0'}

  '@smithy/node-config-provider@4.1.4':
    resolution: {integrity: sha512-+UDQV/k42jLEPPHSn39l0Bmc4sB1xtdI9Gd47fzo/0PbXzJ7ylgaOByVjF5EeQIumkepnrJyfx86dPa9p47Y+w==}
    engines: {node: '>=18.0.0'}

  '@smithy/node-http-handler@4.1.1':
    resolution: {integrity: sha512-RHnlHqFpoVdjSPPiYy/t40Zovf3BBHc2oemgD7VsVTFFZrU5erFFe0n52OANZZ/5sbshgD93sOh5r6I35Xmpaw==}
    engines: {node: '>=18.0.0'}

  '@smithy/property-provider@4.0.5':
    resolution: {integrity: sha512-R/bswf59T/n9ZgfgUICAZoWYKBHcsVDurAGX88zsiUtOTA/xUAPyiT+qkNCPwFn43pZqN84M4MiUsbSGQmgFIQ==}
    engines: {node: '>=18.0.0'}

  '@smithy/protocol-http@5.1.3':
    resolution: {integrity: sha512-fCJd2ZR7D22XhDY0l+92pUag/7je2BztPRQ01gU5bMChcyI0rlly7QFibnYHzcxDvccMjlpM/Q1ev8ceRIb48w==}
    engines: {node: '>=18.0.0'}

  '@smithy/querystring-builder@4.0.5':
    resolution: {integrity: sha512-NJeSCU57piZ56c+/wY+AbAw6rxCCAOZLCIniRE7wqvndqxcKKDOXzwWjrY7wGKEISfhL9gBbAaWWgHsUGedk+A==}
    engines: {node: '>=18.0.0'}

  '@smithy/querystring-parser@4.0.5':
    resolution: {integrity: sha512-6SV7md2CzNG/WUeTjVe6Dj8noH32r4MnUeFKZrnVYsQxpGSIcphAanQMayi8jJLZAWm6pdM9ZXvKCpWOsIGg0w==}
    engines: {node: '>=18.0.0'}

  '@smithy/shared-ini-file-loader@4.0.5':
    resolution: {integrity: sha512-YVVwehRDuehgoXdEL4r1tAAzdaDgaC9EQvhK0lEbfnbrd0bd5+CTQumbdPryX3J2shT7ZqQE+jPW4lmNBAB8JQ==}
    engines: {node: '>=18.0.0'}

  '@smithy/signature-v4@5.1.3':
    resolution: {integrity: sha512-mARDSXSEgllNzMw6N+mC+r1AQlEBO3meEAkR/UlfAgnMzJUB3goRBWgip1EAMG99wh36MDqzo86SfIX5Y+VEaw==}
    engines: {node: '>=18.0.0'}

  '@smithy/smithy-client@4.4.10':
    resolution: {integrity: sha512-iW6HjXqN0oPtRS0NK/zzZ4zZeGESIFcxj2FkWed3mcK8jdSdHzvnCKXSjvewESKAgGKAbJRA+OsaqKhkdYRbQQ==}
    engines: {node: '>=18.0.0'}

  '@smithy/types@4.3.2':
    resolution: {integrity: sha512-QO4zghLxiQ5W9UZmX2Lo0nta2PuE1sSrXUYDoaB6HMR762C0P7v/HEPHf6ZdglTVssJG1bsrSBxdc3quvDSihw==}
    engines: {node: '>=18.0.0'}

  '@smithy/url-parser@4.0.5':
    resolution: {integrity: sha512-j+733Um7f1/DXjYhCbvNXABV53NyCRRA54C7bNEIxNPs0YjfRxeMKjjgm2jvTYrciZyCjsicHwQ6Q0ylo+NAUw==}
    engines: {node: '>=18.0.0'}

  '@smithy/util-base64@4.0.0':
    resolution: {integrity: sha512-CvHfCmO2mchox9kjrtzoHkWHxjHZzaFojLc8quxXY7WAAMAg43nuxwv95tATVgQFNDwd4M9S1qFzj40Ul41Kmg==}
    engines: {node: '>=18.0.0'}

  '@smithy/util-body-length-browser@4.0.0':
    resolution: {integrity: sha512-sNi3DL0/k64/LO3A256M+m3CDdG6V7WKWHdAiBBMUN8S3hK3aMPhwnPik2A/a2ONN+9doY9UxaLfgqsIRg69QA==}
    engines: {node: '>=18.0.0'}

  '@smithy/util-buffer-from@4.0.0':
    resolution: {integrity: sha512-9TOQ7781sZvddgO8nxueKi3+yGvkY35kotA0Y6BWRajAv8jjmigQ1sBwz0UX47pQMYXJPahSKEKYFgt+rXdcug==}
    engines: {node: '>=18.0.0'}

  '@smithy/util-config-provider@4.0.0':
    resolution: {integrity: sha512-L1RBVzLyfE8OXH+1hsJ8p+acNUSirQnWQ6/EgpchV88G6zGBTDPdXiiExei6Z1wR2RxYvxY/XLw6AMNCCt8H3w==}
    engines: {node: '>=18.0.0'}

  '@smithy/util-hex-encoding@4.0.0':
    resolution: {integrity: sha512-Yk5mLhHtfIgW2W2WQZWSg5kuMZCVbvhFmC7rV4IO2QqnZdbEFPmQnCcGMAX2z/8Qj3B9hYYNjZOhWym+RwhePw==}
    engines: {node: '>=18.0.0'}

  '@smithy/util-middleware@4.0.5':
    resolution: {integrity: sha512-N40PfqsZHRSsByGB81HhSo+uvMxEHT+9e255S53pfBw/wI6WKDI7Jw9oyu5tJTLwZzV5DsMha3ji8jk9dsHmQQ==}
    engines: {node: '>=18.0.0'}

  '@smithy/util-stream@4.2.4':
    resolution: {integrity: sha512-vSKnvNZX2BXzl0U2RgCLOwWaAP9x/ddd/XobPK02pCbzRm5s55M53uwb1rl/Ts7RXZvdJZerPkA+en2FDghLuQ==}
    engines: {node: '>=18.0.0'}

  '@smithy/util-uri-escape@4.0.0':
    resolution: {integrity: sha512-77yfbCbQMtgtTylO9itEAdpPXSog3ZxMe09AEhm0dU0NLTalV70ghDZFR+Nfi1C60jnJoh/Re4090/DuZh2Omg==}
    engines: {node: '>=18.0.0'}

  '@smithy/util-utf8@4.0.0':
    resolution: {integrity: sha512-b+zebfKCfRdgNJDknHCob3O7FpeYQN6ZG6YLExMcasDHsCXlsXCEuiPZeLnJLpwa5dvPetGlnGCiMHuLwGvFow==}
    engines: {node: '>=18.0.0'}

  '@types/uuid@9.0.8':
    resolution: {integrity: sha512-jg+97EGIcY9AGHJJRaaPVgetKDsrTgbRjQ5Msgjh/DQKEFl0DtyRr/VCOyD1T2R1MNeWPK/u7JoGhlDZnKBAfA==}

  fast-xml-parser@5.2.5:
    resolution: {integrity: sha512-pfX9uG9Ki0yekDHx2SiuRIyFdyAr1kMIMitPvb0YBo8SUfKvia7w7FIyd/l6av85pFYRhZscS75MwMnbvY+hcQ==}
    hasBin: true

  strnum@2.1.1:
    resolution: {integrity: sha512-7ZvoFTiCnGxBtDqJ//Cu6fWtZtc7Y3x+QOirG15wztbdngGSkht27o2pyGWrVy0b4WAy3jbKmnoK6g5VlVNUUw==}

  tslib@2.8.1:
    resolution: {integrity: sha512-oJFu94HQb+KVduSUQL7wnpmqnfmLsOA/nAh6b6EH0wCEoK0/mPeXU6c3wKDV83MkOuHPRHtSXKKU99IBazS/2w==}

  uuid@9.0.1:
    resolution: {integrity: sha512-b+1eJOlsR9K8HJpow9Ok3fiWOWSIcIzXodvv0rQjVoOVNpWMpxf1wZNpt4y9h10odCNrqnYp1OBzRktckBe3sA==}
    hasBin: true

snapshots:

  '@aws-sdk/core@3.876.0':
    dependencies:
      '@aws-sdk/types': 3.862.0
      '@aws-sdk/xml-builder': 3.873.0
      '@smithy/core': 3.8.0
      '@smithy/node-config-provider': 4.1.4
      '@smithy/property-provider': 4.0.5
      '@smithy/protocol-http': 5.1.3
      '@smithy/signature-v4': 5.1.3
      '@smithy/smithy-client': 4.4.10
      '@smithy/types': 4.3.2
      '@smithy/util-base64': 4.0.0
      '@smithy/util-body-length-browser': 4.0.0
      '@smithy/util-middleware': 4.0.5
      '@smithy/util-utf8': 4.0.0
      fast-xml-parser: 5.2.5
      tslib: 2.8.1

  '@aws-sdk/middleware-sdk-s3@3.876.0':
    dependencies:
      '@aws-sdk/core': 3.876.0
      '@aws-sdk/types': 3.862.0
      '@aws-sdk/util-arn-parser': 3.873.0
      '@smithy/core': 3.8.0
      '@smithy/node-config-provider': 4.1.4
      '@smithy/protocol-http': 5.1.3
      '@smithy/signature-v4': 5.1.3
      '@smithy/smithy-client': 4.4.10
      '@smithy/types': 4.3.2
      '@smithy/util-config-provider': 4.0.0
      '@smithy/util-middleware': 4.0.5
      '@smithy/util-stream': 4.2.4
      '@smithy/util-utf8': 4.0.0
      tslib: 2.8.1

  '@aws-sdk/s3-request-presigner@3.876.0':
    dependencies:
      '@aws-sdk/signature-v4-multi-region': 3.876.0
      '@aws-sdk/types': 3.862.0
      '@aws-sdk/util-format-url': 3.873.0
      '@smithy/middleware-endpoint': 4.1.18
      '@smithy/protocol-http': 5.1.3
      '@smithy/smithy-client': 4.4.10
      '@smithy/types': 4.3.2
      tslib: 2.8.1

  '@aws-sdk/signature-v4-multi-region@3.876.0':
    dependencies:
      '@aws-sdk/middleware-sdk-s3': 3.876.0
      '@aws-sdk/types': 3.862.0
      '@smithy/protocol-http': 5.1.3
      '@smithy/signature-v4': 5.1.3
      '@smithy/types': 4.3.2
      tslib: 2.8.1

  '@aws-sdk/types@3.862.0':
    dependencies:
      '@smithy/types': 4.3.2
      tslib: 2.8.1

  '@aws-sdk/util-arn-parser@3.873.0':
    dependencies:
      tslib: 2.8.1

  '@aws-sdk/util-format-url@3.873.0':
    dependencies:
      '@aws-sdk/types': 3.862.0
      '@smithy/querystring-builder': 4.0.5
      '@smithy/types': 4.3.2
      tslib: 2.8.1

  '@aws-sdk/xml-builder@3.873.0':
    dependencies:
      '@smithy/types': 4.3.2
      tslib: 2.8.1

  '@smithy/abort-controller@4.0.5':
    dependencies:
      '@smithy/types': 4.3.2
      tslib: 2.8.1

  '@smithy/core@3.8.0':
    dependencies:
      '@smithy/middleware-serde': 4.0.9
      '@smithy/protocol-http': 5.1.3
      '@smithy/types': 4.3.2
      '@smithy/util-base64': 4.0.0
      '@smithy/util-body-length-browser': 4.0.0
      '@smithy/util-middleware': 4.0.5
      '@smithy/util-stream': 4.2.4
      '@smithy/util-utf8': 4.0.0
      '@types/uuid': 9.0.8
      tslib: 2.8.1
      uuid: 9.0.1

  '@smithy/fetch-http-handler@5.1.1':
    dependencies:
      '@smithy/protocol-http': 5.1.3
      '@smithy/querystring-builder': 4.0.5
      '@smithy/types': 4.3.2
      '@smithy/util-base64': 4.0.0
      tslib: 2.8.1

  '@smithy/is-array-buffer@4.0.0':
    dependencies:
      tslib: 2.8.1

  '@smithy/middleware-endpoint@4.1.18':
    dependencies:
      '@smithy/core': 3.8.0
      '@smithy/middleware-serde': 4.0.9
      '@smithy/node-config-provider': 4.1.4
      '@smithy/shared-ini-file-loader': 4.0.5
      '@smithy/types': 4.3.2
      '@smithy/url-parser': 4.0.5
      '@smithy/util-middleware': 4.0.5
      tslib: 2.8.1

  '@smithy/middleware-serde@4.0.9':
    dependencies:
      '@smithy/protocol-http': 5.1.3
      '@smithy/types': 4.3.2
      tslib: 2.8.1

  '@smithy/middleware-stack@4.0.5':
    dependencies:
      '@smithy/types': 4.3.2
      tslib: 2.8.1

  '@smithy/node-config-provider@4.1.4':
    dependencies:
      '@smithy/property-provider': 4.0.5
      '@smithy/shared-ini-file-loader': 4.0.5
      '@smithy/types': 4.3.2
      tslib: 2.8.1

  '@smithy/node-http-handler@4.1.1':
    dependencies:
      '@smithy/abort-controller': 4.0.5
      '@smithy/protocol-http': 5.1.3
      '@smithy/querystring-builder': 4.0.5
      '@smithy/types': 4.3.2
      tslib: 2.8.1

  '@smithy/property-provider@4.0.5':
    dependencies:
      '@smithy/types': 4.3.2
      tslib: 2.8.1

  '@smithy/protocol-http@5.1.3':
    dependencies:
      '@smithy/types': 4.3.2
      tslib: 2.8.1

  '@smithy/querystring-builder@4.0.5':
    dependencies:
      '@smithy/types': 4.3.2
      '@smithy/util-uri-escape': 4.0.0
      tslib: 2.8.1

  '@smithy/querystring-parser@4.0.5':
    dependencies:
      '@smithy/types': 4.3.2
      tslib: 2.8.1

  '@smithy/shared-ini-file-loader@4.0.5':
    dependencies:
      '@smithy/types': 4.3.2
      tslib: 2.8.1

  '@smithy/signature-v4@5.1.3':
    dependencies:
      '@smithy/is-array-buffer': 4.0.0
      '@smithy/protocol-http': 5.1.3
      '@smithy/types': 4.3.2
      '@smithy/util-hex-encoding': 4.0.0
      '@smithy/util-middleware': 4.0.5
      '@smithy/util-uri-escape': 4.0.0
      '@smithy/util-utf8': 4.0.0
      tslib: 2.8.1

  '@smithy/smithy-client@4.4.10':
    dependencies:
      '@smithy/core': 3.8.0
      '@smithy/middleware-endpoint': 4.1.18
      '@smithy/middleware-stack': 4.0.5
      '@smithy/protocol-http': 5.1.3
      '@smithy/types': 4.3.2
      '@smithy/util-stream': 4.2.4
      tslib: 2.8.1

  '@smithy/types@4.3.2':
    dependencies:
      tslib: 2.8.1

  '@smithy/url-parser@4.0.5':
    dependencies:
      '@smithy/querystring-parser': 4.0.5
      '@smithy/types': 4.3.2
      tslib: 2.8.1

  '@smithy/util-base64@4.0.0':
    dependencies:
      '@smithy/util-buffer-from': 4.0.0
      '@smithy/util-utf8': 4.0.0
      tslib: 2.8.1

  '@smithy/util-body-length-browser@4.0.0':
    dependencies:
      tslib: 2.8.1

  '@smithy/util-buffer-from@4.0.0':
    dependencies:
      '@smithy/is-array-buffer': 4.0.0
      tslib: 2.8.1

  '@smithy/util-config-provider@4.0.0':
    dependencies:
      tslib: 2.8.1

  '@smithy/util-hex-encoding@4.0.0':
    dependencies:
      tslib: 2.8.1

  '@smithy/util-middleware@4.0.5':
    dependencies:
      '@smithy/types': 4.3.2
      tslib: 2.8.1

  '@smithy/util-stream@4.2.4':
    dependencies:
      '@smithy/fetch-http-handler': 5.1.1
      '@smithy/node-http-handler': 4.1.1
      '@smithy/types': 4.3.2
      '@smithy/util-base64': 4.0.0
      '@smithy/util-buffer-from': 4.0.0
      '@smithy/util-hex-encoding': 4.0.0
      '@smithy/util-utf8': 4.0.0
      tslib: 2.8.1

  '@smithy/util-uri-escape@4.0.0':
    dependencies:
      tslib: 2.8.1

  '@smithy/util-utf8@4.0.0':
    dependencies:
      '@smithy/util-buffer-from': 4.0.0
      tslib: 2.8.1

  '@types/uuid@9.0.8': {}

  fast-xml-parser@5.2.5:
    dependencies:
      strnum: 2.1.1

  strnum@2.1.1: {}

  tslib@2.8.1: {}

  uuid@9.0.1: {}
